
Microsoft Visual Studio Solution File, Format Version 12.00
# Visual Studio Version 17
VisualStudioVersion = 17.5.33627.172
MinimumVisualStudioVersion = 10.0.40219.1
Project("{FAE04EC0-301F-11D3-BF4B-00C04F79EFBC}") = "StarlightTech.Web", "StarlightTech.Web\StarlightTech.Web.csproj", "{D17D1F9D-FF0A-46BA-BC04-FF81BE4E0638}"
EndProject
Global
	GlobalSection(SolutionConfigurationPlatforms) = preSolution
		Debug|Any CPU = Debug|Any CPU
		Release|Any CPU = Release|Any CPU
	EndGlobalSection
	GlobalSection(ProjectConfigurationPlatforms) = postSolution
		{D17D1F9D-FF0A-46BA-BC04-FF81BE4E0638}.Debug|Any CPU.ActiveCfg = Debug|Any CPU
		{D17D1F9D-FF0A-46BA-BC04-FF81BE4E0638}.Debug|Any CPU.Build.0 = Debug|Any CPU
		{D17D1F9D-FF0A-46BA-BC04-FF81BE4E0638}.Release|Any CPU.ActiveCfg = Release|Any CPU
		{D17D1F9D-FF0A-46BA-BC04-FF81BE4E0638}.Release|Any CPU.Build.0 = Release|Any CPU
	EndGlobalSection
	GlobalSection(SolutionProperties) = preSolution
		HideSolutionNode = FALSE
	EndGlobalSection
	GlobalSection(ExtensibilityGlobals) = postSolution
		SolutionGuid = {6F6F0962-80BC-45C0-AFC5-88C5DD7753C0}
	EndGlobalSection
EndGlobal
